# -------------------------------------------------------------------------- #
#
# Copyright (C) 2017  Intel Corporation. All rights reserved.
# Your use of Intel Corporation's design tools, logic functions 
# and other software and tools, and its AMPP partner logic 
# functions, and any output files from any of the foregoing 
# (including device programming or simulation files), and any 
# associated documentation or information are expressly subject 
# to the terms and conditions of the Intel Program License 
# Subscription Agreement, the Intel Quartus Prime License Agreement,
# the Intel FPGA IP License Agreement, or other applicable license
# agreement, including, without limitation, that your use is for
# the sole purpose of programming logic devices manufactured by
# Intel and sold by Intel or its authorized distributors.  Please
# refer to the applicable agreement for further details.
#
# -------------------------------------------------------------------------- #
#
# Quartus Prime
# Version 17.1.0 Build 590 10/25/2017 SJ Standard Edition
# Date created = 09:53:45  September 17, 2018
#
# -------------------------------------------------------------------------- #

#============================================================
# Build by Terasic System Builder
#============================================================

set_global_assignment -name FAMILY "Cyclone IV E"
set_global_assignment -name DEVICE EP4CE115F29C7
set_global_assignment -name TOP_LEVEL_ENTITY auto_piano_top
set_global_assignment -name ORIGINAL_QUARTUS_VERSION 17.1.0
set_global_assignment -name LAST_QUARTUS_VERSION "17.1.0 Lite Edition"
set_global_assignment -name PROJECT_CREATION_TIME_DATE "09:53:45  SEPTEMBER 17, 2018"
set_global_assignment -name DEVICE_FILTER_PACKAGE FBGA
set_global_assignment -name DEVICE_FILTER_PIN_COUNT 780
set_global_assignment -name DEVICE_FILTER_SPEED_GRADE 7
set_global_assignment -name STRATIX_DEVICE_IO_STANDARD "3.3-V LVTTL"

#============================================================
# TOP_CLOCK
#============================================================
set_location_assignment PIN_Y2 -to TOP_CLOCK_50
set_location_assignment PIN_AG14 -to TOP_CLOCK2_50
set_location_assignment PIN_AG15 -to TOP_CLOCK3_50

#============================================================
# LED
#============================================================
set_location_assignment PIN_G19 -to TOP_LEDR[0]
set_location_assignment PIN_F19 -to TOP_LEDR[1]
set_location_assignment PIN_E19 -to TOP_LEDR[2]
set_location_assignment PIN_F21 -to TOP_LEDR[3]
set_location_assignment PIN_F18 -to TOP_LEDR[4]
set_location_assignment PIN_E18 -to TOP_LEDR[5]
set_location_assignment PIN_J19 -to TOP_LEDR[6]
set_location_assignment PIN_H19 -to TOP_LEDR[7]
set_location_assignment PIN_J17 -to TOP_LEDR[8]
set_location_assignment PIN_G17 -to TOP_LEDR[9]
set_location_assignment PIN_J15 -to TOP_LEDR[10]
set_location_assignment PIN_H16 -to TOP_LEDR[11]
set_location_assignment PIN_J16 -to TOP_LEDR[12]
set_location_assignment PIN_H17 -to TOP_LEDR[13]
set_location_assignment PIN_F15 -to TOP_LEDR[14]
set_location_assignment PIN_G15 -to TOP_LEDR[15]
set_location_assignment PIN_G16 -to TOP_LEDR[16]
set_location_assignment PIN_H15 -to TOP_LEDR[17]
set_location_assignment PIN_E21 -to TOP_LEDG[0]
set_location_assignment PIN_E22 -to TOP_LEDG[1]
set_location_assignment PIN_E25 -to TOP_LEDG[2]
set_location_assignment PIN_E24 -to TOP_LEDG[3]
set_location_assignment PIN_H21 -to TOP_LEDG[4]
set_location_assignment PIN_G20 -to TOP_LEDG[5]
set_location_assignment PIN_G22 -to TOP_LEDG[6]
set_location_assignment PIN_G21 -to TOP_LEDG[7]
set_location_assignment PIN_F17 -to TOP_LEDG[8]

#============================================================
# KEY
#============================================================
set_location_assignment PIN_M23 -to TOP_KEY[0]
set_location_assignment PIN_M21 -to TOP_KEY[1]
set_location_assignment PIN_N21 -to TOP_KEY[2]
set_location_assignment PIN_R24 -to TOP_KEY[3]

#============================================================
# SW
#============================================================
set_location_assignment PIN_AC28 -to SW[1]
set_location_assignment PIN_AC27 -to SW[2]
set_location_assignment PIN_AD27 -to SW[3]
set_location_assignment PIN_AB27 -to SW[4]
set_location_assignment PIN_AC26 -to SW[5]
set_location_assignment PIN_AD26 -to SW[6]
set_location_assignment PIN_AB26 -to SW[7]
set_location_assignment PIN_AC25 -to SW[8]
set_location_assignment PIN_AB25 -to SW[9]
set_location_assignment PIN_AC24 -to SW[10]
set_location_assignment PIN_AB24 -to SW[11]
set_location_assignment PIN_AB23 -to SW[12]
set_location_assignment PIN_AA24 -to SW[13]
set_location_assignment PIN_AA23 -to SW[14]
set_location_assignment PIN_AA22 -to SW[15]
set_location_assignment PIN_Y24 -to SW[16]
set_location_assignment PIN_Y23 -to SW[17]

#============================================================
# SEG7
#============================================================
set_location_assignment PIN_G18 -to HEX0[0]
set_location_assignment PIN_F22 -to HEX0[1]
set_location_assignment PIN_E17 -to HEX0[2]
set_location_assignment PIN_L26 -to HEX0[3]
set_location_assignment PIN_L25 -to HEX0[4]
set_location_assignment PIN_J22 -to HEX0[5]
set_location_assignment PIN_H22 -to HEX0[6]
set_location_assignment PIN_M24 -to HEX1[0]
set_location_assignment PIN_Y22 -to HEX1[1]
set_location_assignment PIN_W21 -to HEX1[2]
set_location_assignment PIN_W22 -to HEX1[3]
set_location_assignment PIN_W25 -to HEX1[4]
set_location_assignment PIN_U23 -to HEX1[5]
set_location_assignment PIN_U24 -to HEX1[6]
set_location_assignment PIN_AA25 -to HEX2[0]
set_location_assignment PIN_AA26 -to HEX2[1]
set_location_assignment PIN_Y25 -to HEX2[2]
set_location_assignment PIN_W26 -to HEX2[3]
set_location_assignment PIN_Y26 -to HEX2[4]
set_location_assignment PIN_W27 -to HEX2[5]
set_location_assignment PIN_W28 -to HEX2[6]
set_location_assignment PIN_V21 -to HEX3[0]
set_location_assignment PIN_U21 -to HEX3[1]
set_location_assignment PIN_AB20 -to HEX3[2]
set_location_assignment PIN_AA21 -to HEX3[3]
set_location_assignment PIN_AD24 -to HEX3[4]
set_location_assignment PIN_AF23 -to HEX3[5]
set_location_assignment PIN_Y19 -to HEX3[6]
set_location_assignment PIN_AB19 -to HEX4[0]
set_location_assignment PIN_AA19 -to HEX4[1]
set_location_assignment PIN_AG21 -to HEX4[2]
set_location_assignment PIN_AH21 -to HEX4[3]
set_location_assignment PIN_AE19 -to HEX4[4]
set_location_assignment PIN_AF19 -to HEX4[5]
set_location_assignment PIN_AE18 -to HEX4[6]
set_location_assignment PIN_AD18 -to HEX5[0]
set_location_assignment PIN_AC18 -to HEX5[1]
set_location_assignment PIN_AB18 -to HEX5[2]
set_location_assignment PIN_AH19 -to HEX5[3]
set_location_assignment PIN_AG19 -to HEX5[4]
set_location_assignment PIN_AF18 -to HEX5[5]
set_location_assignment PIN_AH18 -to HEX5[6]
set_location_assignment PIN_AA17 -to HEX6[0]
set_location_assignment PIN_AB16 -to HEX6[1]
set_location_assignment PIN_AA16 -to HEX6[2]
set_location_assignment PIN_AB17 -to HEX6[3]
set_location_assignment PIN_AB15 -to HEX6[4]
set_location_assignment PIN_AA15 -to HEX6[5]
set_location_assignment PIN_AC17 -to HEX6[6]
set_location_assignment PIN_AD17 -to HEX7[0]
set_location_assignment PIN_AE17 -to HEX7[1]
set_location_assignment PIN_AG17 -to HEX7[2]
set_location_assignment PIN_AH17 -to HEX7[3]
set_location_assignment PIN_AF17 -to HEX7[4]
set_location_assignment PIN_AG18 -to HEX7[5]
set_location_assignment PIN_AA14 -to HEX7[6]

#============================================================
# LCD
#============================================================
set_location_assignment PIN_L6 -to LCD_BLON
set_location_assignment PIN_L5 -to LCD_ON

#============================================================
# RS232
#============================================================
set_location_assignment PIN_G9 -to UART_TXD
set_location_assignment PIN_G12 -to UART_RXD
set_location_assignment PIN_G14 -to UART_RTS
set_location_assignment PIN_J13 -to UART_CTS

#============================================================
# TOP_GPIO, TOP_GPIO connect to TOP_GPIO Default
#============================================================
set_location_assignment PIN_AB22 -to TOP_GPIO[0]
set_location_assignment PIN_AC15 -to TOP_GPIO[1]
set_location_assignment PIN_AB21 -to TOP_GPIO[2]
set_location_assignment PIN_Y17 -to TOP_GPIO[3]
set_location_assignment PIN_AC21 -to TOP_GPIO[4]
set_location_assignment PIN_Y16 -to TOP_GPIO[5]
set_location_assignment PIN_AD21 -to TOP_GPIO[6]
set_location_assignment PIN_AE16 -to TOP_GPIO[7]
set_location_assignment PIN_AD15 -to TOP_GPIO[8]
set_location_assignment PIN_AE15 -to TOP_GPIO[9]
set_location_assignment PIN_AC19 -to TOP_GPIO[10]
set_location_assignment PIN_AF16 -to TOP_GPIO[11]
set_location_assignment PIN_AD19 -to TOP_GPIO[12]
set_location_assignment PIN_AF15 -to TOP_GPIO[13]
set_location_assignment PIN_AF24 -to TOP_GPIO[14]
set_location_assignment PIN_AE21 -to TOP_GPIO[15]
set_location_assignment PIN_AF25 -to TOP_GPIO[16]
set_location_assignment PIN_AC22 -to TOP_GPIO[17]
set_location_assignment PIN_AE22 -to TOP_GPIO[18]
set_location_assignment PIN_AF21 -to TOP_GPIO[19]
set_location_assignment PIN_AF22 -to TOP_GPIO[20]
set_location_assignment PIN_AD22 -to TOP_GPIO[21]
set_location_assignment PIN_AG25 -to TOP_GPIO[22]
set_location_assignment PIN_AD25 -to TOP_GPIO[23]
set_location_assignment PIN_AH25 -to TOP_GPIO[24]
set_location_assignment PIN_AE25 -to TOP_GPIO[25]
set_location_assignment PIN_AG22 -to TOP_GPIO[26]
set_location_assignment PIN_AE24 -to TOP_GPIO[27]
set_location_assignment PIN_AH22 -to TOP_GPIO[28]
set_location_assignment PIN_AF26 -to TOP_GPIO[29]
set_location_assignment PIN_AE20 -to TOP_GPIO[30]
set_location_assignment PIN_AG23 -to TOP_GPIO[31]
set_location_assignment PIN_AF20 -to TOP_GPIO[32]
set_location_assignment PIN_AH26 -to TOP_GPIO[33]
set_location_assignment PIN_AH23 -to TOP_GPIO[34]
set_location_assignment PIN_AG26 -to TOP_GPIO[35]

#============================================================
# End of pin assignments by Terasic System Builder
#============================================================


set_global_assignment -name MIN_CORE_JUNCTION_TEMP 0
set_global_assignment -name MAX_CORE_JUNCTION_TEMP 85
set_global_assignment -name POWER_PRESET_COOLING_SOLUTION "23 MM HEAT SINK WITH 200 LFPM AIRFLOW"
set_global_assignment -name POWER_BOARD_THERMAL_MODEL "NONE (CONSERVATIVE)"
set_global_assignment -name VHDL_INPUT_VERSION VHDL_2008
set_global_assignment -name VHDL_SHOW_LMF_MAPPING_MESSAGES OFF
set_global_assignment -name EDA_SIMULATION_TOOL "ModelSim-Altera (VHDL)"
set_global_assignment -name EDA_OUTPUT_DATA_FORMAT VHDL -section_id eda_simulation
set_global_assignment -name ENABLE_SIGNALTAP OFF
set_global_assignment -name USE_SIGNALTAP_FILE stp1.stp
set_global_assignment -name TIMEQUEST_MULTICORNER_ANALYSIS ON
set_global_assignment -name SMART_RECOMPILE ON
set_location_assignment PIN_AB28 -to SW[0]
set_global_assignment -name ENABLE_OCT_DONE OFF
set_global_assignment -name ENABLE_CONFIGURATION_PINS OFF
set_global_assignment -name ENABLE_BOOT_SEL_PIN OFF
set_global_assignment -name STRATIXV_CONFIGURATION_SCHEME "PASSIVE SERIAL"
set_global_assignment -name USE_CONFIGURATION_DEVICE ON
set_global_assignment -name CYCLONEIII_CONFIGURATION_DEVICE EPCS64
set_global_assignment -name CRC_ERROR_OPEN_DRAIN OFF
set_global_assignment -name OUTPUT_IO_TIMING_NEAR_END_VMEAS "HALF VCCIO" -rise
set_global_assignment -name OUTPUT_IO_TIMING_NEAR_END_VMEAS "HALF VCCIO" -fall
set_global_assignment -name OUTPUT_IO_TIMING_FAR_END_VMEAS "HALF SIGNAL SWING" -rise
set_global_assignment -name OUTPUT_IO_TIMING_FAR_END_VMEAS "HALF SIGNAL SWING" -fall
set_global_assignment -name PROJECT_IP_REGENERATION_POLICY ALWAYS_REGENERATE_IP
set_global_assignment -name PARTITION_NETLIST_TYPE SOURCE -section_id Top
set_global_assignment -name PARTITION_FITTER_PRESERVATION_LEVEL PLACEMENT_AND_ROUTING -section_id Top
set_global_assignment -name PARTITION_COLOR 16764057 -section_id Top
set_instance_assignment -name IO_STANDARD "3.3-V LVTTL" -to TOP_CLOCK_50
set_instance_assignment -name IO_STANDARD "3.3-V LVTTL" -to TOP_CLOCK2_50
set_instance_assignment -name IO_STANDARD "3.3-V LVTTL" -to TOP_CLOCK3_50
set_instance_assignment -name IO_STANDARD "2.5 V" -to TOP_LEDR[0]
set_instance_assignment -name IO_STANDARD "2.5 V" -to TOP_LEDR[1]
set_instance_assignment -name IO_STANDARD "2.5 V" -to TOP_LEDR[2]
set_instance_assignment -name IO_STANDARD "2.5 V" -to TOP_LEDR[3]
set_instance_assignment -name IO_STANDARD "2.5 V" -to TOP_LEDR[4]
set_instance_assignment -name IO_STANDARD "2.5 V" -to TOP_LEDR[5]
set_instance_assignment -name IO_STANDARD "2.5 V" -to TOP_LEDR[6]
set_instance_assignment -name IO_STANDARD "2.5 V" -to TOP_LEDR[7]
set_instance_assignment -name IO_STANDARD "2.5 V" -to TOP_LEDR[8]
set_instance_assignment -name IO_STANDARD "2.5 V" -to TOP_LEDR[9]
set_instance_assignment -name IO_STANDARD "2.5 V" -to TOP_LEDR[10]
set_instance_assignment -name IO_STANDARD "2.5 V" -to TOP_LEDR[11]
set_instance_assignment -name IO_STANDARD "2.5 V" -to TOP_LEDR[12]
set_instance_assignment -name IO_STANDARD "2.5 V" -to TOP_LEDR[13]
set_instance_assignment -name IO_STANDARD "2.5 V" -to TOP_LEDR[14]
set_instance_assignment -name IO_STANDARD "2.5 V" -to TOP_LEDR[15]
set_instance_assignment -name IO_STANDARD "2.5 V" -to TOP_LEDR[16]
set_instance_assignment -name IO_STANDARD "2.5 V" -to TOP_LEDR[17]
set_instance_assignment -name IO_STANDARD "2.5 V" -to TOP_LEDG[0]
set_instance_assignment -name IO_STANDARD "2.5 V" -to TOP_LEDG[1]
set_instance_assignment -name IO_STANDARD "2.5 V" -to TOP_LEDG[2]
set_instance_assignment -name IO_STANDARD "2.5 V" -to TOP_LEDG[3]
set_instance_assignment -name IO_STANDARD "2.5 V" -to TOP_LEDG[4]
set_instance_assignment -name IO_STANDARD "2.5 V" -to TOP_LEDG[5]
set_instance_assignment -name IO_STANDARD "2.5 V" -to TOP_LEDG[6]
set_instance_assignment -name IO_STANDARD "2.5 V" -to TOP_LEDG[7]
set_instance_assignment -name IO_STANDARD "2.5 V" -to TOP_LEDG[8]
set_instance_assignment -name IO_STANDARD "3.3-V LVTTL" -to TOP_KEY[0]
set_instance_assignment -name IO_STANDARD "3.3-V LVTTL" -to TOP_KEY[1]
set_instance_assignment -name IO_STANDARD "3.3-V LVTTL" -to TOP_KEY[2]
set_instance_assignment -name IO_STANDARD "3.3-V LVTTL" -to TOP_KEY[3]
set_instance_assignment -name IO_STANDARD "3.3-V LVTTL" -to SW[1]
set_instance_assignment -name IO_STANDARD "3.3-V LVTTL" -to SW[2]
set_instance_assignment -name IO_STANDARD "3.3-V LVTTL" -to SW[3]
set_instance_assignment -name IO_STANDARD "3.3-V LVTTL" -to SW[4]
set_instance_assignment -name IO_STANDARD "3.3-V LVTTL" -to SW[5]
set_instance_assignment -name IO_STANDARD "3.3-V LVTTL" -to SW[6]
set_instance_assignment -name IO_STANDARD "3.3-V LVTTL" -to SW[7]
set_instance_assignment -name IO_STANDARD "3.3-V LVTTL" -to SW[8]
set_instance_assignment -name IO_STANDARD "3.3-V LVTTL" -to SW[9]
set_instance_assignment -name IO_STANDARD "3.3-V LVTTL" -to SW[10]
set_instance_assignment -name IO_STANDARD "3.3-V LVTTL" -to SW[11]
set_instance_assignment -name IO_STANDARD "3.3-V LVTTL" -to SW[12]
set_instance_assignment -name IO_STANDARD "3.3-V LVTTL" -to SW[13]
set_instance_assignment -name IO_STANDARD "3.3-V LVTTL" -to SW[14]
set_instance_assignment -name IO_STANDARD "3.3-V LVTTL" -to SW[15]
set_instance_assignment -name IO_STANDARD "3.3-V LVTTL" -to SW[16]
set_instance_assignment -name IO_STANDARD "3.3-V LVTTL" -to SW[17]
set_instance_assignment -name IO_STANDARD "2.5 V" -to HEX0[0]
set_instance_assignment -name IO_STANDARD "2.5 V" -to HEX0[1]
set_instance_assignment -name IO_STANDARD "2.5 V" -to HEX0[2]
set_instance_assignment -name IO_STANDARD "3.3-V LVTTL" -to HEX0[3]
set_instance_assignment -name IO_STANDARD "3.3-V LVTTL" -to HEX0[4]
set_instance_assignment -name IO_STANDARD "3.3-V LVTTL" -to HEX0[5]
set_instance_assignment -name IO_STANDARD "3.3-V LVTTL" -to HEX0[6]
set_instance_assignment -name IO_STANDARD "3.3-V LVTTL" -to HEX1[0]
set_instance_assignment -name IO_STANDARD "3.3-V LVTTL" -to HEX1[1]
set_instance_assignment -name IO_STANDARD "3.3-V LVTTL" -to HEX1[2]
set_instance_assignment -name IO_STANDARD "3.3-V LVTTL" -to HEX1[3]
set_instance_assignment -name IO_STANDARD "3.3-V LVTTL" -to HEX1[4]
set_instance_assignment -name IO_STANDARD "3.3-V LVTTL" -to HEX1[5]
set_instance_assignment -name IO_STANDARD "3.3-V LVTTL" -to HEX1[6]
set_instance_assignment -name IO_STANDARD "3.3-V LVTTL" -to HEX2[0]
set_instance_assignment -name IO_STANDARD "3.3-V LVTTL" -to HEX2[1]
set_instance_assignment -name IO_STANDARD "3.3-V LVTTL" -to HEX2[2]
set_instance_assignment -name IO_STANDARD "3.3-V LVTTL" -to HEX2[3]
set_instance_assignment -name IO_STANDARD "3.3-V LVTTL" -to HEX2[4]
set_instance_assignment -name IO_STANDARD "3.3-V LVTTL" -to HEX2[5]
set_instance_assignment -name IO_STANDARD "3.3-V LVTTL" -to HEX2[6]
set_instance_assignment -name IO_STANDARD "3.3-V LVTTL" -to HEX3[0]
set_instance_assignment -name IO_STANDARD "3.3-V LVTTL" -to HEX3[1]
set_instance_assignment -name IO_STANDARD "3.3-V LVTTL" -to HEX3[2]
set_instance_assignment -name IO_STANDARD "3.3-V LVTTL" -to HEX3[3]
set_instance_assignment -name IO_STANDARD "3.3-V LVTTL" -to HEX3[4]
set_instance_assignment -name IO_STANDARD "3.3-V LVTTL" -to HEX3[5]
set_instance_assignment -name IO_STANDARD "3.3-V LVTTL" -to HEX3[6]
set_instance_assignment -name IO_STANDARD "3.3-V LVTTL" -to HEX4[0]
set_instance_assignment -name IO_STANDARD "3.3-V LVTTL" -to HEX4[1]
set_instance_assignment -name IO_STANDARD "3.3-V LVTTL" -to HEX4[2]
set_instance_assignment -name IO_STANDARD "3.3-V LVTTL" -to HEX4[3]
set_instance_assignment -name IO_STANDARD "3.3-V LVTTL" -to HEX4[4]
set_instance_assignment -name IO_STANDARD "3.3-V LVTTL" -to HEX4[5]
set_instance_assignment -name IO_STANDARD "3.3-V LVTTL" -to HEX4[6]
set_instance_assignment -name IO_STANDARD "3.3-V LVTTL" -to HEX5[0]
set_instance_assignment -name IO_STANDARD "3.3-V LVTTL" -to HEX5[1]
set_instance_assignment -name IO_STANDARD "3.3-V LVTTL" -to HEX5[2]
set_instance_assignment -name IO_STANDARD "3.3-V LVTTL" -to HEX5[3]
set_instance_assignment -name IO_STANDARD "3.3-V LVTTL" -to HEX5[4]
set_instance_assignment -name IO_STANDARD "3.3-V LVTTL" -to HEX5[5]
set_instance_assignment -name IO_STANDARD "3.3-V LVTTL" -to HEX5[6]
set_instance_assignment -name IO_STANDARD "3.3-V LVTTL" -to HEX6[0]
set_instance_assignment -name IO_STANDARD "3.3-V LVTTL" -to HEX6[1]
set_instance_assignment -name IO_STANDARD "3.3-V LVTTL" -to HEX6[2]
set_instance_assignment -name IO_STANDARD "3.3-V LVTTL" -to HEX6[3]
set_instance_assignment -name IO_STANDARD "3.3-V LVTTL" -to HEX6[4]
set_instance_assignment -name IO_STANDARD "3.3-V LVTTL" -to HEX6[5]
set_instance_assignment -name IO_STANDARD "3.3-V LVTTL" -to HEX6[6]
set_instance_assignment -name IO_STANDARD "3.3-V LVTTL" -to HEX7[0]
set_instance_assignment -name IO_STANDARD "3.3-V LVTTL" -to HEX7[1]
set_instance_assignment -name IO_STANDARD "3.3-V LVTTL" -to HEX7[2]
set_instance_assignment -name IO_STANDARD "3.3-V LVTTL" -to HEX7[3]
set_instance_assignment -name IO_STANDARD "3.3-V LVTTL" -to HEX7[4]
set_instance_assignment -name IO_STANDARD "3.3-V LVTTL" -to HEX7[5]
set_instance_assignment -name IO_STANDARD "3.3-V LVTTL" -to HEX7[6]
set_instance_assignment -name IO_STANDARD "3.3-V LVTTL" -to LCD_BLON
set_instance_assignment -name IO_STANDARD "3.3-V LVTTL" -to LCD_ON
set_instance_assignment -name IO_STANDARD "3.3-V LVTTL" -to UART_TXD
set_instance_assignment -name IO_STANDARD "3.3-V LVTTL" -to UART_RXD
set_instance_assignment -name IO_STANDARD "3.3-V LVTTL" -to UART_RTS
set_instance_assignment -name IO_STANDARD "3.3-V LVTTL" -to UART_CTS
set_instance_assignment -name IO_STANDARD "3.3-V LVTTL" -to TOP_GPIO[0]
set_instance_assignment -name IO_STANDARD "3.3-V LVTTL" -to TOP_GPIO[1]
set_instance_assignment -name IO_STANDARD "3.3-V LVTTL" -to TOP_GPIO[2]
set_instance_assignment -name IO_STANDARD "3.3-V LVTTL" -to TOP_GPIO[3]
set_instance_assignment -name IO_STANDARD "3.3-V LVTTL" -to TOP_GPIO[4]
set_instance_assignment -name IO_STANDARD "3.3-V LVTTL" -to TOP_GPIO[5]
set_instance_assignment -name IO_STANDARD "3.3-V LVTTL" -to TOP_GPIO[6]
set_instance_assignment -name IO_STANDARD "3.3-V LVTTL" -to TOP_GPIO[7]
set_instance_assignment -name IO_STANDARD "3.3-V LVTTL" -to TOP_GPIO[8]
set_instance_assignment -name IO_STANDARD "3.3-V LVTTL" -to TOP_GPIO[9]
set_instance_assignment -name IO_STANDARD "3.3-V LVTTL" -to TOP_GPIO[10]
set_instance_assignment -name IO_STANDARD "3.3-V LVTTL" -to TOP_GPIO[11]
set_instance_assignment -name IO_STANDARD "3.3-V LVTTL" -to TOP_GPIO[12]
set_instance_assignment -name IO_STANDARD "3.3-V LVTTL" -to TOP_GPIO[13]
set_instance_assignment -name IO_STANDARD "3.3-V LVTTL" -to TOP_GPIO[14]
set_instance_assignment -name IO_STANDARD "3.3-V LVTTL" -to TOP_GPIO[15]
set_instance_assignment -name IO_STANDARD "3.3-V LVTTL" -to TOP_GPIO[16]
set_instance_assignment -name IO_STANDARD "3.3-V LVTTL" -to TOP_GPIO[17]
set_instance_assignment -name IO_STANDARD "3.3-V LVTTL" -to TOP_GPIO[18]
set_instance_assignment -name IO_STANDARD "3.3-V LVTTL" -to TOP_GPIO[19]
set_instance_assignment -name IO_STANDARD "3.3-V LVTTL" -to TOP_GPIO[20]
set_instance_assignment -name IO_STANDARD "3.3-V LVTTL" -to TOP_GPIO[21]
set_instance_assignment -name IO_STANDARD "3.3-V LVTTL" -to TOP_GPIO[22]
set_instance_assignment -name IO_STANDARD "3.3-V LVTTL" -to TOP_GPIO[23]
set_instance_assignment -name IO_STANDARD "3.3-V LVTTL" -to TOP_GPIO[24]
set_instance_assignment -name IO_STANDARD "3.3-V LVTTL" -to TOP_GPIO[25]
set_instance_assignment -name IO_STANDARD "3.3-V LVTTL" -to TOP_GPIO[26]
set_instance_assignment -name IO_STANDARD "3.3-V LVTTL" -to TOP_GPIO[27]
set_instance_assignment -name IO_STANDARD "3.3-V LVTTL" -to TOP_GPIO[28]
set_instance_assignment -name IO_STANDARD "3.3-V LVTTL" -to TOP_GPIO[29]
set_instance_assignment -name IO_STANDARD "3.3-V LVTTL" -to TOP_GPIO[30]
set_instance_assignment -name IO_STANDARD "3.3-V LVTTL" -to TOP_GPIO[31]
set_instance_assignment -name IO_STANDARD "3.3-V LVTTL" -to TOP_GPIO[32]
set_instance_assignment -name IO_STANDARD "3.3-V LVTTL" -to TOP_GPIO[33]
set_instance_assignment -name IO_STANDARD "3.3-V LVTTL" -to TOP_GPIO[34]
set_instance_assignment -name IO_STANDARD "3.3-V LVTTL" -to TOP_GPIO[35]
set_instance_assignment -name IO_STANDARD "3.3-V LVTTL" -to SW[0]
set_location_assignment PIN_M5 -to data[7]
set_location_assignment PIN_M3 -to data[6]
set_location_assignment PIN_K2 -to data[5]
set_location_assignment PIN_K1 -to data[4]
set_location_assignment PIN_K7 -to data[3]
set_location_assignment PIN_L2 -to data[2]
set_location_assignment PIN_L1 -to data[1]
set_location_assignment PIN_L3 -to data[0]
set_location_assignment PIN_L4 -to EN
set_location_assignment PIN_M2 -to RS
set_location_assignment PIN_M1 -to RW
set_global_assignment -name VHDL_FILE ../sources/keytest.vhd
set_global_assignment -name VHDL_FILE ../sources/LCD.vhd
set_global_assignment -name VHDL_FILE "../sources/test_Accel_accSpeedPos-new/accel_kx224_ctrl.vhd"
set_global_assignment -name VHDL_FILE "../sources/test_Accel_accSpeedPos-new/dac_ltc2668_top.vhd"
set_global_assignment -name VHDL_FILE "../sources/test_Accel_accSpeedPos-new/accel_adxl355_top.vhd"
set_global_assignment -name VHDL_FILE "../sources/test_Accel_accSpeedPos-new/spi_write.vhd"
set_global_assignment -name VHDL_FILE "../sources/test_Accel_accSpeedPos-new/spi_3_wire_master.vhd"
set_global_assignment -name VHDL_FILE "../sources/test_Accel_accSpeedPos-new/pll.vhd"
set_global_assignment -name VHDL_FILE "../sources/test_Accel_accSpeedPos-new/dac_ltc2668_ctrl.vhd"
set_global_assignment -name VHDL_FILE "../sources/test_Accel_accSpeedPos-new/auto_piano_top.vhd"
set_global_assignment -name VHDL_FILE "../sources/test_Accel_accSpeedPos-new/accel_adxl355_ctrl.vhd"
set_global_assignment -name VHDL_FILE "../sources/test_Accel_accSpeedPos-new/ASP_filter.vhd"
set_global_assignment -name VHDL_FILE "../sources/test_Accel_accSpeedPos-new/spi_3_wire_master_kx224.vhd"
set_global_assignment -name VHDL_FILE "../sources/test_Accel_accSpeedPos-new/accel_kx224_top.vhd"
set_global_assignment -name VHDL_FILE seg7_lut.vhd
set_global_assignment -name VHDL_FILE read_lcd.vhd
set_instance_assignment -name PARTITION_HIERARCHY root_partition -to | -section_id Top